
Microsoft Visual Studio Solution File, Format Version 12.00
# Visual Studio 15
Project("{FAE04EC0-301F-11D3-BF4B-00C04F79EFBC}") = "WorkManagerCompilation.Android", "WorkManagerCompilation.Android\WorkManagerCompilation.Android.csproj", "{C700717B-B139-4910-A600-18B30D10C522}"
EndProject
Project("{FAE04EC0-301F-11D3-BF4B-00C04F79EFBC}") = "WorkManagerCompilation", "WorkManagerCompilation\WorkManagerCompilation.csproj", "{4023228F-49D5-4671-883A-433BFFF1A9D5}"
EndProject
Global
	GlobalSection(SolutionConfigurationPlatforms) = preSolution
		Debug|Any CPU = Debug|Any CPU
		Release|Any CPU = Release|Any CPU
	EndGlobalSection
	GlobalSection(ProjectConfigurationPlatforms) = postSolution
		{C700717B-B139-4910-A600-18B30D10C522}.Debug|Any CPU.ActiveCfg = Debug|Any CPU
		{C700717B-B139-4910-A600-18B30D10C522}.Debug|Any CPU.Build.0 = Debug|Any CPU
		{C700717B-B139-4910-A600-18B30D10C522}.Release|Any CPU.ActiveCfg = Release|Any CPU
		{C700717B-B139-4910-A600-18B30D10C522}.Release|Any CPU.Build.0 = Release|Any CPU
		{4023228F-49D5-4671-883A-433BFFF1A9D5}.Debug|Any CPU.ActiveCfg = Debug|Any CPU
		{4023228F-49D5-4671-883A-433BFFF1A9D5}.Debug|Any CPU.Build.0 = Debug|Any CPU
		{4023228F-49D5-4671-883A-433BFFF1A9D5}.Release|Any CPU.ActiveCfg = Release|Any CPU
		{4023228F-49D5-4671-883A-433BFFF1A9D5}.Release|Any CPU.Build.0 = Release|Any CPU
	EndGlobalSection
EndGlobal
